{
  "nodes": {
    "linux-orangepi-zero2-armbian-6_6_y": {
      "flake": false,
      "locked": {
        "lastModified": 1708740584,
        "narHash": "sha256-pI4nLCfIqZvd7iImcCbpHPS3CbdQj6W4RleBnLOHo9k=",
        "owner": "nathanregner",
        "repo": "linux",
        "rev": "55b09b3ffcbff85823d51a8423fbb91d31342ab3",
        "type": "github"
      },
      "original": {
        "owner": "nathanregner",
        "ref": "orangepi-zero2/armbian-6.6.y",
        "repo": "linux",
        "type": "github"
      }
    },
    "nixpkgs": {
      "locked": {
        "lastModified": 1706098335,
        "narHash": "sha256-r3dWjT8P9/Ah5m5ul4WqIWD8muj5F+/gbCdjiNVBKmU=",
        "owner": "nixos",
        "repo": "nixpkgs",
        "rev": "a77ab169a83a4175169d78684ddd2e54486ac651",
        "type": "github"
      },
      "original": {
        "owner": "nixos",
        "ref": "nixos-23.11",
        "repo": "nixpkgs",
        "type": "github"
      }
    },
    "root": {
      "inputs": {
        "linux-orangepi-zero2-armbian-6_6_y": "linux-orangepi-zero2-armbian-6_6_y",
        "nixpkgs": "nixpkgs"
      }
    }
  },
  "root": "root",
  "version": 7
}
