{
  "nodes": {
    "flake-utils": {
      "inputs": {
        "systems": "systems"
      },
      "locked": {
        "lastModified": 1692799911,
        "narHash": "sha256-3eihraek4qL744EvQXsK1Ha6C3CR7nnT8X2qWap4RNk=",
        "owner": "numtide",
        "repo": "flake-utils",
        "rev": "f9e7cf818399d17d347f847525c5a5a8032e4e44",
        "type": "github"
      },
      "original": {
        "owner": "numtide",
        "repo": "flake-utils",
        "type": "github"
      }
    },
    "linux-orange-pi-5-10-armbian": {
      "flake": false,
      "locked": {
        "lastModified": 1691467352,
        "narHash": "sha256-9pp9OXRMY8RUq4Fn5AcYhiGeyXXDPRAm9fUVzQV5L2k=",
        "owner": "armbian",
        "repo": "linux-rockchip",
        "rev": "8cae9a3e884071996260905575b55136e2480f6b",
        "type": "github"
      },
      "original": {
        "owner": "armbian",
        "ref": "rk-5.10-rkr4",
        "repo": "linux-rockchip",
        "type": "github"
      }
    },
    "linux-orange-pi-6-1-sun50iw9": {
      "flake": false,
      "locked": {
        "lastModified": 1691380596,
        "narHash": "sha256-Cd5tmvJqBobvxVF4MWHv9jJVkElIER0xNEspVw/SUYw=",
        "owner": "nathanregner",
        "repo": "linux-orangepi",
        "rev": "200acf1022702616d3b5f8f93e7779ce30ae0909",
        "type": "github"
      },
      "original": {
        "owner": "nathanregner",
        "ref": "orange-pi-6.1-sun50iw9",
        "repo": "linux-orangepi",
        "type": "github"
      }
    },
    "linux-orange-pi-6-5-rk3588": {
      "flake": false,
      "locked": {
        "lastModified": 1691551632,
        "narHash": "sha256-5/NMadqch6KKHpQvAGAPcHWRJltiMVU8F5T2cM5azMo=",
        "ref": "collabora-rk3588",
        "rev": "c25c3f39d68b1e0f89a0f4ffcd490869fca4074a",
        "revCount": 1199857,
        "type": "git",
        "url": "ssh://git@github.com/nathanregner/linux-orangepi"
      },
      "original": {
        "ref": "collabora-rk3588",
        "type": "git",
        "url": "ssh://git@github.com/nathanregner/linux-orangepi"
      }
    },
    "nixpkgs": {
      "locked": {
        "lastModified": 1693355128,
        "narHash": "sha256-+ZoAny3ZxLcfMaUoLVgL9Ywb/57wP+EtsdNGuXUJrwg=",
        "owner": "NixOS",
        "repo": "nixpkgs",
        "rev": "a63a64b593dcf2fe05f7c5d666eb395950f36bc9",
        "type": "github"
      },
      "original": {
        "id": "nixpkgs",
        "type": "indirect"
      }
    },
    "root": {
      "inputs": {
        "flake-utils": "flake-utils",
        "linux-orange-pi-5-10-armbian": "linux-orange-pi-5-10-armbian",
        "linux-orange-pi-6-1-sun50iw9": "linux-orange-pi-6-1-sun50iw9",
        "linux-orange-pi-6-5-rk3588": "linux-orange-pi-6-5-rk3588",
        "nixpkgs": "nixpkgs"
      }
    },
    "systems": {
      "locked": {
        "lastModified": 1681028828,
        "narHash": "sha256-Vy1rq5AaRuLzOxct8nz4T6wlgyUR7zLU309k9mBC768=",
        "owner": "nix-systems",
        "repo": "default",
        "rev": "da67096a3b9bf56a91d16901293e51ba5b49a27e",
        "type": "github"
      },
      "original": {
        "owner": "nix-systems",
        "repo": "default",
        "type": "github"
      }
    }
  },
  "root": "root",
  "version": 7
}
